
Microsoft Visual Studio Solution File, Format Version 12.00
# Visual Studio Version 17
VisualStudioVersion = 17.2.32526.322
MinimumVisualStudioVersion = 10.0.40219.1
Project("{FAE04EC0-301F-11D3-BF4B-00C04F79EFBC}") = "ConsoleApp3", "ConsoleApp3.csproj", "{375E5F08-D359-4A45-90C6-384BBA5C488A}"
EndProject
Global
	GlobalSection(SolutionConfigurationPlatforms) = preSolution
		Debug|Any CPU = Debug|Any CPU
		Release|Any CPU = Release|Any CPU
	EndGlobalSection
	GlobalSection(ProjectConfigurationPlatforms) = postSolution
		{375E5F08-D359-4A45-90C6-384BBA5C488A}.Debug|Any CPU.ActiveCfg = Debug|Any CPU
		{375E5F08-D359-4A45-90C6-384BBA5C488A}.Debug|Any CPU.Build.0 = Debug|Any CPU
		{375E5F08-D359-4A45-90C6-384BBA5C488A}.Release|Any CPU.ActiveCfg = Release|Any CPU
		{375E5F08-D359-4A45-90C6-384BBA5C488A}.Release|Any CPU.Build.0 = Release|Any CPU
	EndGlobalSection
	GlobalSection(SolutionProperties) = preSolution
		HideSolutionNode = FALSE
	EndGlobalSection
	GlobalSection(ExtensibilityGlobals) = postSolution
		SolutionGuid = {BE07ED74-3FB6-4950-8127-EEEBB1D0E748}
	EndGlobalSection
EndGlobal
